// !$*UTF8*$!
{
	archiveVersion = 1;
	classes = {
	};
	objectVersion = 46;
	objects = {

/* Begin PBXBuildFile section */
		12AF2DBB1D2B48970078228F /* AppDelegate.swift in Sources */ = {isa = PBXBuildFile; fileRef = 12AF2DBA1D2B48970078228F /* AppDelegate.swift */; };
		12AF2DBD1D2B48970078228F /* ViewController.swift in Sources */ = {isa = PBXBuildFile; fileRef = 12AF2DBC1D2B48970078228F /* ViewController.swift */; };
		12AF2DC01D2B48970078228F /* Main.storyboard in Resources */ = {isa = PBXBuildFile; fileRef = 12AF2DBE1D2B48970078228F /* Main.storyboard */; };
		12AF2DC21D2B48970078228F /* Assets.xcassets in Resources */ = {isa = PBXBuildFile; fileRef = 12AF2DC11D2B48970078228F /* Assets.xcassets */; };
		12AF2DC51D2B48970078228F /* LaunchScreen.storyboard in Resources */ = {isa = PBXBuildFile; fileRef = 12AF2DC31D2B48970078228F /* LaunchScreen.storyboard */; };
/* End PBXBuildFile section */

/* Begin PBXFileReference section */
		12AF2DB71D2B48970078228F /* GifMake-Swift.app */ = {isa = PBXFileReference; explicitFileType = wrapper.application; includeInIndex = 0; path = "GifMake-Swift.app"; sourceTree = BUILT_PRODUCTS_DIR; };
		12AF2DBA1D2B48970078228F /* AppDelegate.swift */ = {isa = PBXFileReference; lastKnownFileType = sourcecode.swift; path = AppDelegate.swift; sourceTree = "<group>"; };
		12AF2DBC1D2B48970078228F /* ViewController.swift */ = {isa = PBXFileReference; lastKnownFileType = sourcecode.swift; path = ViewController.swift; sourceTree = "<group>"; };
		12AF2DBF1D2B48970078228F /* Base */ = {isa = PBXFileReference; lastKnownFileType = file.storyboard; name = Base; path = Base.lproj/Main.storyboard; sourceTree = "<group>"; };
		12AF2DC11D2B48970078228F /* Assets.xcassets */ = {isa = PBXFileReference; lastKnownFileType = folder.assetcatalog; path = Assets.xcassets; sourceTree = "<group>"; };
		12AF2DC41D2B48970078228F /* Base */ = {isa = PBXFileReference; lastKnownFileType = file.storyboard; name = Base; path = Base.lproj/LaunchScreen.storyboard; sourceTree = "<group>"; };
		12AF2DC61D2B48970078228F /* Info.plist */ = {isa = PBXFileReference; lastKnownFileType = text.plist.xml; path = Info.plist; sourceTree = "<group>"; };
/* End PBXFileReference section */

/* Begin PBXFrameworksBuildPhase section */
		12AF2DB41D2B48970078228F /* Frameworks */ = {
			isa = PBXFrameworksBuildPhase;
			buildActionMask = 2147483647;
			files = (
			);
			runOnlyForDeploymentPostprocessing = 0;
		};
/* End PBXFrameworksBuildPhase section */

/* Begin PBXGroup section */
		12AF2DAE1D2B48970078228F = {
			isa = PBXGroup;
			children = (
				12AF2DB91D2B48970078228F /* GifMake-Swift */,
				12AF2DB81D2B48970078228F /* Products */,
			);
			sourceTree = "<group>";
		};
		12AF2DB81D2B48970078228F /* Products */ = {
			isa = PBXGroup;
			children = (
				12AF2DB71D2B48970078228F /* GifMake-Swift.app */,
			);
			name = Products;
			sourceTree = "<group>";
		};
		12AF2DB91D2B48970078228F /* GifMake-Swift */ = {
			isa = PBXGroup;
			children = (
				12AF2DBA1D2B48970078228F /* AppDelegate.swift */,
				12AF2DBC1D2B48970078228F /* ViewController.swift */,
				12AF2DBE1D2B48970078228F /* Main.storyboard */,
				12AF2DC11D2B48970078228F /* Assets.xcassets */,
				12AF2DC31D2B48970078228F /* LaunchScreen.storyboard */,
				12AF2DC61D2B48970078228F /* Info.plist */,
			);
			path = "GifMake-Swift";
			sourceTree = "<group>";
		};
/* End PBXGroup section */

/* Begin PBXNativeTarget section */
		12AF2DB61D2B48970078228F /* GifMake-Swift */ = {
			isa = PBXNativeTarget;
			buildConfigurationList = 12AF2DC91D2B48970078228F /* Build configuration list for PBXNativeTarget "GifMake-Swift" */;
			buildPhases = (
				12AF2DB31D2B48970078228F /* Sources */,
				12AF2DB41D2B48970078228F /* Frameworks */,
				12AF2DB51D2B48970078228F /* Resources */,
			);
			buildRules = (
			);
			dependencies = (
			);
			name = "GifMake-Swift";
			productName = "GifMake-Swift";
			productReference = 12AF2DB71D2B48970078228F /* GifMake-Swift.app */;
			productType = "com.apple.product-type.application";
		};
/* End PBXNativeTarget section */

/* Begin PBXProject section */
		12AF2DAF1D2B48970078228F /* Project object */ = {
			isa = PBXProject;
			attributes = {
				LastSwiftUpdateCheck = 0730;
				LastUpgradeCheck = 0730;
				ORGANIZATIONNAME = MCodeGeeks;
				TargetAttributes = {
					12AF2DB61D2B48970078228F = {
						CreatedOnToolsVersion = 7.3.1;
						DevelopmentTeam = 2YR4E4552W;
					};
				};
			};
			buildConfigurationList = 12AF2DB21D2B48970078228F /* Build configuration list for PBXProject "GifMake-Swift" */;
			compatibilityVersion = "Xcode 3.2";
			developmentRegion = English;
			hasScannedForEncodings = 0;
			knownRegions = (
				en,
				Base,
			);
			mainGroup = 12AF2DAE1D2B48970078228F;
			productRefGroup = 12AF2DB81D2B48970078228F /* Products */;
			projectDirPath = "";
			projectRoot = "";
			targets = (
				12AF2DB61D2B48970078228F /* GifMake-Swift */,
			);
		};
/* End PBXProject section */

/* Begin PBXResourcesBuildPhase section */
		12AF2DB51D2B48970078228F /* Resources */ = {
			isa = PBXResourcesBuildPhase;
			buildActionMask = 2147483647;
			files = (
				12AF2DC51D2B48970078228F /* LaunchScreen.storyboard in Resources */,
				12AF2DC21D2B48970078228F /* Assets.xcassets in Resources */,
				12AF2DC01D2B48970078228F /* Main.storyboard in Resources */,
			);
			runOnlyForDeploymentPostprocessing = 0;
		};
/* End PBXResourcesBuildPhase section */

/* Begin PBXSourcesBuildPhase section */
		12AF2DB31D2B48970078228F /* Sources */ = {
			isa = PBXSourcesBuildPhase;
			buildActionMask = 2147483647;
			files = (
				12AF2DBD1D2B48970078228F /* ViewController.swift in Sources */,
				12AF2DBB1D2B48970078228F /* AppDelegate.swift in Sources */,
			);
			runOnlyForDeploymentPostprocessing = 0;
		};
/* End PBXSourcesBuildPhase section */

/* Begin PBXVariantGroup section */
		12AF2DBE1D2B48970078228F /* Main.storyboard */ = {
			isa = PBXVariantGroup;
			children = (
				12AF2DBF1D2B48970078228F /* Base */,
			);
			name = Main.storyboard;
			sourceTree = "<group>";
		};
		12AF2DC31D2B48970078228F /* LaunchScreen.storyboard */ = {
			isa = PBXVariantGroup;
			children = (
				12AF2DC41D2B48970078228F /* Base */,
			);
			name = LaunchScreen.storyboard;
			sourceTree = "<group>";
		};
/* End PBXVariantGroup section */

/* Begin XCBuildConfiguration section */
		12AF2DC71D2B48970078228F /* Debug */ = {
			isa = XCBuildConfiguration;
			buildSettings = {
				ALWAYS_SEARCH_USER_PATHS = NO;
				CLANG_ANALYZER_NONNULL = YES;
				CLANG_CXX_LANGUAGE_STANDARD = "gnu++0x";
				CLANG_CXX_LIBRARY = "libc++";
				CLANG_ENABLE_MODULES = YES;
				CLANG_ENABLE_OBJC_ARC = YES;
				CLANG_WARN_BOOL_CONVERSION = YES;
				CLANG_WARN_CONSTANT_CONVERSION = YES;
				CLANG_WARN_DIRECT_OBJC_ISA_USAGE = YES_ERROR;
				CLANG_WARN_EMPTY_BODY = YES;
				CLANG_WARN_ENUM_CONVERSION = YES;
				CLANG_WARN_INT_CONVERSION = YES;
				CLANG_WARN_OBJC_ROOT_CLASS = YES_ERROR;
				CLANG_WARN_UNREACHABLE_CODE = YES;
				CLANG_WARN__DUPLICATE_METHOD_MATCH = YES;
				"CODE_SIGN_IDENTITY[sdk=iphoneos*]" = "iPhone Developer";
				COPY_PHASE_STRIP = NO;
				DEBUG_INFORMATION_FORMAT = dwarf;
				ENABLE_STRICT_OBJC_MSGSEND = YES;
				ENABLE_TESTABILITY = YES;
				GCC_C_LANGUAGE_STANDARD = gnu99;
				GCC_DYNAMIC_NO_PIC = NO;
				GCC_NO_COMMON_BLOCKS = YES;
				GCC_OPTIMIZATION_LEVEL = 0;
				GCC_PREPROCESSOR_DEFINITIONS = (
					"DEBUG=1",
					"$(inherited)",
				);
				GCC_WARN_64_TO_32_BIT_CONVERSION = YES;
				GCC_WARN_ABOUT_RETURN_TYPE = YES_ERROR;
				GCC_WARN_UNDECLARED_SELECTOR = YES;
				GCC_WARN_UNINITIALIZED_AUTOS = YES_AGGRESSIVE;
				GCC_WARN_UNUSED_FUNCTION = YES;
				GCC_WARN_UNUSED_VARIABLE = YES;
				IPHONEOS_DEPLOYMENT_TARGET = 9.3;
				MTL_ENABLE_DEBUG_INFO = YES;
				ONLY_ACTIVE_ARCH = YES;
				SDKROOT = iphoneos;
				SWIFT_OPTIMIZATION_LEVEL = "-Onone";
				TARGETED_DEVICE_FAMILY = "1,2";
			};
			name = Debug;
		};
		12AF2DC81D2B48970078228F /* Release */ = {
			isa = XCBuildConfiguration;
			buildSettings = {
				ALWAYS_SEARCH_USER_PATHS = NO;
				CLANG_ANALYZER_NONNULL = YES;
				CLANG_CXX_LANGUAGE_STANDARD = "gnu++0x";
				CLANG_CXX_LIBRARY = "libc++";
				CLANG_ENABLE_MODULES = YES;
				CLANG_ENABLE_OBJC_ARC = YES;
				CLANG_WARN_BOOL_CONVERSION = YES;
				CLANG_WARN_CONSTANT_CONVERSION = YES;
				CLANG_WARN_DIRECT_OBJC_ISA_USAGE = YES_ERROR;
				CLANG_WARN_EMPTY_BODY = YES;
				CLANG_WARN_ENUM_CONVERSION = YES;
				CLANG_WARN_INT_CONVERSION = YES;
				CLANG_WARN_OBJC_ROOT_CLASS = YES_ERROR;
				CLANG_WARN_UNREACHABLE_CODE = YES;
				CLANG_WARN__DUPLICATE_METHOD_MATCH = YES;
				"CODE_SIGN_IDENTITY[sdk=iphoneos*]" = "iPhone Developer";
				COPY_PHASE_STRIP = NO;
				DEBUG_INFORMATION_FORMAT = "dwarf-with-dsym";
				ENABLE_NS_ASSERTIONS = NO;
				ENABLE_STRICT_OBJC_MSGSEND = YES;
				GCC_C_LANGUAGE_STANDARD = gnu99;
				GCC_NO_COMMON_BLOCKS = YES;
				GCC_WARN_64_TO_32_BIT_CONVERSION = YES;
				GCC_WARN_ABOUT_RETURN_TYPE = YES_ERROR;
				GCC_WARN_UNDECLARED_SELECTOR = YES;
				GCC_WARN_UNINITIALIZED_AUTOS = YES_AGGRESSIVE;
				GCC_WARN_UNUSED_FUNCTION = YES;
				GCC_WARN_UNUSED_VARIABLE = YES;
				IPHONEOS_DEPLOYMENT_TARGET = 9.3;
				MTL_ENABLE_DEBUG_INFO = NO;
				SDKROOT = iphoneos;
				TARGETED_DEVICE_FAMILY = "1,2";
				VALIDATE_PRODUCT = YES;
			};
			name = Release;
		};
		12AF2DCA1D2B48970078228F /* Debug */ = {
			isa = XCBuildConfiguration;
			buildSettings = {
				ASSETCATALOG_COMPILER_APPICON_NAME = AppIcon;
				INFOPLIST_FILE = "GifMake-Swift/Info.plist";
				LD_RUNPATH_SEARCH_PATHS = "$(inherited) @executable_path/Frameworks";
				PRODUCT_BUNDLE_IDENTIFIER = "com.mcodegeeks.GifMake-Swift";
				PRODUCT_NAME = "$(TARGET_NAME)";
			};
			name = Debug;
		};
		12AF2DCB1D2B48970078228F /* Release */ = {
			isa = XCBuildConfiguration;
			buildSettings = {
				ASSETCATALOG_COMPILER_APPICON_NAME = AppIcon;
				INFOPLIST_FILE = "GifMake-Swift/Info.plist";
				LD_RUNPATH_SEARCH_PATHS = "$(inherited) @executable_path/Frameworks";
				PRODUCT_BUNDLE_IDENTIFIER = "com.mcodegeeks.GifMake-Swift";
				PRODUCT_NAME = "$(TARGET_NAME)";
			};
			name = Release;
		};
/* End XCBuildConfiguration section */

/* Begin XCConfigurationList section */
		12AF2DB21D2B48970078228F /* Build configuration list for PBXProject "GifMake-Swift" */ = {
			isa = XCConfigurationList;
			buildConfigurations = (
				12AF2DC71D2B48970078228F /* Debug */,
				12AF2DC81D2B48970078228F /* Release */,
			);
			defaultConfigurationIsVisible = 0;
			defaultConfigurationName = Release;
		};
		12AF2DC91D2B48970078228F /* Build configuration list for PBXNativeTarget "GifMake-Swift" */ = {
			isa = XCConfigurationList;
			buildConfigurations = (
				12AF2DCA1D2B48970078228F /* Debug */,
				12AF2DCB1D2B48970078228F /* Release */,
			);
			defaultConfigurationIsVisible = 0;
		};
/* End XCConfigurationList section */
	};
	rootObject = 12AF2DAF1D2B48970078228F /* Project object */;
}
